// !$*UTF8*$!
{
	archiveVersion = 1;
	classes = {
	};
	objectVersion = 48;
	objects = {

/* Begin PBXBuildFile section */
		32186DB6AE154BB84B9156B1 /* Pods_mysqlSwift.framework in Frameworks */ = {isa = PBXBuildFile; fileRef = F3C39F4EEC7B1B4724176231 /* Pods_mysqlSwift.framework */; };
		AF0DD8FE20340D9700646DE5 /* login_back.png in Resources */ = {isa = PBXBuildFile; fileRef = AF0DD8FD20340D9700646DE5 /* login_back.png */; };
		AF52E4F82032FDE8009426B1 /* AppDelegate.swift in Sources */ = {isa = PBXBuildFile; fileRef = AF52E4F72032FDE8009426B1 /* AppDelegate.swift */; };
		AF52E4FD2032FDE8009426B1 /* Main.storyboard in Resources */ = {isa = PBXBuildFile; fileRef = AF52E4FB2032FDE8009426B1 /* Main.storyboard */; };
		AF52E5002032FDE8009426B1 /* mysqlSwift.xcdatamodeld in Sources */ = {isa = PBXBuildFile; fileRef = AF52E4FE2032FDE8009426B1 /* mysqlSwift.xcdatamodeld */; };
		AF52E5022032FDE8009426B1 /* Assets.xcassets in Resources */ = {isa = PBXBuildFile; fileRef = AF52E5012032FDE8009426B1 /* Assets.xcassets */; };
		AF52E5052032FDE8009426B1 /* LaunchScreen.storyboard in Resources */ = {isa = PBXBuildFile; fileRef = AF52E5032032FDE8009426B1 /* LaunchScreen.storyboard */; };
		AF52E5102032FDE8009426B1 /* mysqlSwiftTests.swift in Sources */ = {isa = PBXBuildFile; fileRef = AF52E50F2032FDE8009426B1 /* mysqlSwiftTests.swift */; };
		AF52E51B2032FDE8009426B1 /* mysqlSwiftUITests.swift in Sources */ = {isa = PBXBuildFile; fileRef = AF52E51A2032FDE8009426B1 /* mysqlSwiftUITests.swift */; };
		AF52E52D203303FC009426B1 /* LoginViewController.swift in Sources */ = {isa = PBXBuildFile; fileRef = AF52E52C203303FC009426B1 /* LoginViewController.swift */; };
		AF52E52F20330D7A009426B1 /* MypageViewController.swift in Sources */ = {isa = PBXBuildFile; fileRef = AF52E52E20330D7A009426B1 /* MypageViewController.swift */; };
		AF89BA612034534700821738 /* ハリネズミ.jpeg in Resources */ = {isa = PBXBuildFile; fileRef = AF89BA602034534700821738 /* ハリネズミ.jpeg */; };
		AF89BA632034538C00821738 /* a0001_014465.jpg in Resources */ = {isa = PBXBuildFile; fileRef = AF89BA622034538C00821738 /* a0001_014465.jpg */; };
		AFF023A020343FD700EB235D /* tabアンケート用紙のアイコン素材.png in Resources */ = {isa = PBXBuildFile; fileRef = AFF0239D20343FD700EB235D /* tabアンケート用紙のアイコン素材.png */; };
		AFF023A120343FD700EB235D /* tabハサミのフリーアイコン.png in Resources */ = {isa = PBXBuildFile; fileRef = AFF0239E20343FD700EB235D /* tabハサミのフリーアイコン.png */; };
		AFF023A220343FD700EB235D /* tab夜空のフリーアイコン.png in Resources */ = {isa = PBXBuildFile; fileRef = AFF0239F20343FD700EB235D /* tab夜空のフリーアイコン.png */; };
		F40FB79CDFFDC2E5D6D5DCA4 /* Pods_mysqlSwiftUITests.framework in Frameworks */ = {isa = PBXBuildFile; fileRef = BF9A55C4A4802A3F5045F481 /* Pods_mysqlSwiftUITests.framework */; };
		FFF6610F57245ECC85E0A206 /* Pods_mysqlSwiftTests.framework in Frameworks */ = {isa = PBXBuildFile; fileRef = DDA9C645B2BBF479E78F8C06 /* Pods_mysqlSwiftTests.framework */; };
/* End PBXBuildFile section */

/* Begin PBXContainerItemProxy section */
		AF52E50C2032FDE8009426B1 /* PBXContainerItemProxy */ = {
			isa = PBXContainerItemProxy;
			containerPortal = AF52E4EC2032FDE8009426B1 /* Project object */;
			proxyType = 1;
			remoteGlobalIDString = AF52E4F32032FDE8009426B1;
			remoteInfo = mysqlSwift;
		};
		AF52E5172032FDE8009426B1 /* PBXContainerItemProxy */ = {
			isa = PBXContainerItemProxy;
			containerPortal = AF52E4EC2032FDE8009426B1 /* Project object */;
			proxyType = 1;
			remoteGlobalIDString = AF52E4F32032FDE8009426B1;
			remoteInfo = mysqlSwift;
		};
/* End PBXContainerItemProxy section */

/* Begin PBXFileReference section */
		7090A583358E34FCA1ADD330 /* Pods-mysqlSwiftUITests.debug.xcconfig */ = {isa = PBXFileReference; includeInIndex = 1; lastKnownFileType = text.xcconfig; name = "Pods-mysqlSwiftUITests.debug.xcconfig"; path = "Pods/Target Support Files/Pods-mysqlSwiftUITests/Pods-mysqlSwiftUITests.debug.xcconfig"; sourceTree = "<group>"; };
		8993B09F45D18DCB51C8B860 /* Pods-mysqlSwift.release.xcconfig */ = {isa = PBXFileReference; includeInIndex = 1; lastKnownFileType = text.xcconfig; name = "Pods-mysqlSwift.release.xcconfig"; path = "Pods/Target Support Files/Pods-mysqlSwift/Pods-mysqlSwift.release.xcconfig"; sourceTree = "<group>"; };
		AF0DD8FD20340D9700646DE5 /* login_back.png */ = {isa = PBXFileReference; lastKnownFileType = image.png; name = login_back.png; path = "../../../../Users/ninoseseiko/Desktop/apache-tomcat-8.5.13/webapps/php/image/login_back.png"; sourceTree = "<group>"; };
		AF52E4F42032FDE8009426B1 /* mysqlSwift.app */ = {isa = PBXFileReference; explicitFileType = wrapper.application; includeInIndex = 0; path = mysqlSwift.app; sourceTree = BUILT_PRODUCTS_DIR; };
		AF52E4F72032FDE8009426B1 /* AppDelegate.swift */ = {isa = PBXFileReference; lastKnownFileType = sourcecode.swift; path = AppDelegate.swift; sourceTree = "<group>"; };
		AF52E4FC2032FDE8009426B1 /* Base */ = {isa = PBXFileReference; lastKnownFileType = file.storyboard; name = Base; path = Base.lproj/Main.storyboard; sourceTree = "<group>"; };
		AF52E4FF2032FDE8009426B1 /* mysqlSwift.xcdatamodel */ = {isa = PBXFileReference; lastKnownFileType = wrapper.xcdatamodel; path = mysqlSwift.xcdatamodel; sourceTree = "<group>"; };
		AF52E5012032FDE8009426B1 /* Assets.xcassets */ = {isa = PBXFileReference; lastKnownFileType = folder.assetcatalog; path = Assets.xcassets; sourceTree = "<group>"; };
		AF52E5042032FDE8009426B1 /* Base */ = {isa = PBXFileReference; lastKnownFileType = file.storyboard; name = Base; path = Base.lproj/LaunchScreen.storyboard; sourceTree = "<group>"; };
		AF52E5062032FDE8009426B1 /* Info.plist */ = {isa = PBXFileReference; lastKnownFileType = text.plist.xml; path = Info.plist; sourceTree = "<group>"; };
		AF52E50B2032FDE8009426B1 /* mysqlSwiftTests.xctest */ = {isa = PBXFileReference; explicitFileType = wrapper.cfbundle; includeInIndex = 0; path = mysqlSwiftTests.xctest; sourceTree = BUILT_PRODUCTS_DIR; };
		AF52E50F2032FDE8009426B1 /* mysqlSwiftTests.swift */ = {isa = PBXFileReference; lastKnownFileType = sourcecode.swift; path = mysqlSwiftTests.swift; sourceTree = "<group>"; };
		AF52E5112032FDE8009426B1 /* Info.plist */ = {isa = PBXFileReference; lastKnownFileType = text.plist.xml; path = Info.plist; sourceTree = "<group>"; };
		AF52E5162032FDE8009426B1 /* mysqlSwiftUITests.xctest */ = {isa = PBXFileReference; explicitFileType = wrapper.cfbundle; includeInIndex = 0; path = mysqlSwiftUITests.xctest; sourceTree = BUILT_PRODUCTS_DIR; };
		AF52E51A2032FDE8009426B1 /* mysqlSwiftUITests.swift */ = {isa = PBXFileReference; lastKnownFileType = sourcecode.swift; path = mysqlSwiftUITests.swift; sourceTree = "<group>"; };
		AF52E51C2032FDE8009426B1 /* Info.plist */ = {isa = PBXFileReference; lastKnownFileType = text.plist.xml; path = Info.plist; sourceTree = "<group>"; };
		AF52E52C203303FC009426B1 /* LoginViewController.swift */ = {isa = PBXFileReference; lastKnownFileType = sourcecode.swift; path = LoginViewController.swift; sourceTree = "<group>"; };
		AF52E52E20330D7A009426B1 /* MypageViewController.swift */ = {isa = PBXFileReference; lastKnownFileType = sourcecode.swift; path = MypageViewController.swift; sourceTree = "<group>"; };
		AF89BA602034534700821738 /* ハリネズミ.jpeg */ = {isa = PBXFileReference; lastKnownFileType = image.jpeg; path = "ハリネズミ.jpeg"; sourceTree = "<group>"; };
		AF89BA622034538C00821738 /* a0001_014465.jpg */ = {isa = PBXFileReference; lastKnownFileType = image.jpeg; path = a0001_014465.jpg; sourceTree = "<group>"; };
		AFF0239D20343FD700EB235D /* tabアンケート用紙のアイコン素材.png */ = {isa = PBXFileReference; lastKnownFileType = image.png; path = "tabアンケート用紙のアイコン素材.png"; sourceTree = "<group>"; };
		AFF0239E20343FD700EB235D /* tabハサミのフリーアイコン.png */ = {isa = PBXFileReference; lastKnownFileType = image.png; path = "tabハサミのフリーアイコン.png"; sourceTree = "<group>"; };
		AFF0239F20343FD700EB235D /* tab夜空のフリーアイコン.png */ = {isa = PBXFileReference; lastKnownFileType = image.png; path = "tab夜空のフリーアイコン.png"; sourceTree = "<group>"; };
		BF9A55C4A4802A3F5045F481 /* Pods_mysqlSwiftUITests.framework */ = {isa = PBXFileReference; explicitFileType = wrapper.framework; includeInIndex = 0; path = Pods_mysqlSwiftUITests.framework; sourceTree = BUILT_PRODUCTS_DIR; };
		CABE0D031A01310D5B386A4A /* Pods-mysqlSwiftTests.debug.xcconfig */ = {isa = PBXFileReference; includeInIndex = 1; lastKnownFileType = text.xcconfig; name = "Pods-mysqlSwiftTests.debug.xcconfig"; path = "Pods/Target Support Files/Pods-mysqlSwiftTests/Pods-mysqlSwiftTests.debug.xcconfig"; sourceTree = "<group>"; };
		DDA9C645B2BBF479E78F8C06 /* Pods_mysqlSwiftTests.framework */ = {isa = PBXFileReference; explicitFileType = wrapper.framework; includeInIndex = 0; path = Pods_mysqlSwiftTests.framework; sourceTree = BUILT_PRODUCTS_DIR; };
		E7A9282B09F40CA13EBE8E40 /* Pods-mysqlSwiftTests.release.xcconfig */ = {isa = PBXFileReference; includeInIndex = 1; lastKnownFileType = text.xcconfig; name = "Pods-mysqlSwiftTests.release.xcconfig"; path = "Pods/Target Support Files/Pods-mysqlSwiftTests/Pods-mysqlSwiftTests.release.xcconfig"; sourceTree = "<group>"; };
		F1CEA478DF65120187E2F2D0 /* Pods-mysqlSwift.debug.xcconfig */ = {isa = PBXFileReference; includeInIndex = 1; lastKnownFileType = text.xcconfig; name = "Pods-mysqlSwift.debug.xcconfig"; path = "Pods/Target Support Files/Pods-mysqlSwift/Pods-mysqlSwift.debug.xcconfig"; sourceTree = "<group>"; };
		F3C39F4EEC7B1B4724176231 /* Pods_mysqlSwift.framework */ = {isa = PBXFileReference; explicitFileType = wrapper.framework; includeInIndex = 0; path = Pods_mysqlSwift.framework; sourceTree = BUILT_PRODUCTS_DIR; };
		F892FCDCD40E86E6E5760934 /* Pods-mysqlSwiftUITests.release.xcconfig */ = {isa = PBXFileReference; includeInIndex = 1; lastKnownFileType = text.xcconfig; name = "Pods-mysqlSwiftUITests.release.xcconfig"; path = "Pods/Target Support Files/Pods-mysqlSwiftUITests/Pods-mysqlSwiftUITests.release.xcconfig"; sourceTree = "<group>"; };
/* End PBXFileReference section */

/* Begin PBXFrameworksBuildPhase section */
		AF52E4F12032FDE8009426B1 /* Frameworks */ = {
			isa = PBXFrameworksBuildPhase;
			buildActionMask = 2147483647;
			files = (
				32186DB6AE154BB84B9156B1 /* Pods_mysqlSwift.framework in Frameworks */,
			);
			runOnlyForDeploymentPostprocessing = 0;
		};
		AF52E5082032FDE8009426B1 /* Frameworks */ = {
			isa = PBXFrameworksBuildPhase;
			buildActionMask = 2147483647;
			files = (
				FFF6610F57245ECC85E0A206 /* Pods_mysqlSwiftTests.framework in Frameworks */,
			);
			runOnlyForDeploymentPostprocessing = 0;
		};
		AF52E5132032FDE8009426B1 /* Frameworks */ = {
			isa = PBXFrameworksBuildPhase;
			buildActionMask = 2147483647;
			files = (
				F40FB79CDFFDC2E5D6D5DCA4 /* Pods_mysqlSwiftUITests.framework in Frameworks */,
			);
			runOnlyForDeploymentPostprocessing = 0;
		};
/* End PBXFrameworksBuildPhase section */

/* Begin PBXGroup section */
		4ED3D0FDC5659B75E5DFDB0F /* Frameworks */ = {
			isa = PBXGroup;
			children = (
				F3C39F4EEC7B1B4724176231 /* Pods_mysqlSwift.framework */,
				DDA9C645B2BBF479E78F8C06 /* Pods_mysqlSwiftTests.framework */,
				BF9A55C4A4802A3F5045F481 /* Pods_mysqlSwiftUITests.framework */,
			);
			name = Frameworks;
			sourceTree = "<group>";
		};
		55310A13B8D900E418B0ED0F /* Pods */ = {
			isa = PBXGroup;
			children = (
				F1CEA478DF65120187E2F2D0 /* Pods-mysqlSwift.debug.xcconfig */,
				8993B09F45D18DCB51C8B860 /* Pods-mysqlSwift.release.xcconfig */,
				CABE0D031A01310D5B386A4A /* Pods-mysqlSwiftTests.debug.xcconfig */,
				E7A9282B09F40CA13EBE8E40 /* Pods-mysqlSwiftTests.release.xcconfig */,
				7090A583358E34FCA1ADD330 /* Pods-mysqlSwiftUITests.debug.xcconfig */,
				F892FCDCD40E86E6E5760934 /* Pods-mysqlSwiftUITests.release.xcconfig */,
			);
			name = Pods;
			sourceTree = "<group>";
		};
		AF52E4EB2032FDE8009426B1 = {
			isa = PBXGroup;
			children = (
				AF52E4F62032FDE8009426B1 /* mysqlSwift */,
				AF52E50E2032FDE8009426B1 /* mysqlSwiftTests */,
				AF52E5192032FDE8009426B1 /* mysqlSwiftUITests */,
				AF52E4F52032FDE8009426B1 /* Products */,
				55310A13B8D900E418B0ED0F /* Pods */,
				4ED3D0FDC5659B75E5DFDB0F /* Frameworks */,
			);
			sourceTree = "<group>";
		};
		AF52E4F52032FDE8009426B1 /* Products */ = {
			isa = PBXGroup;
			children = (
				AF52E4F42032FDE8009426B1 /* mysqlSwift.app */,
				AF52E50B2032FDE8009426B1 /* mysqlSwiftTests.xctest */,
				AF52E5162032FDE8009426B1 /* mysqlSwiftUITests.xctest */,
			);
			name = Products;
			sourceTree = "<group>";
		};
		AF52E4F62032FDE8009426B1 /* mysqlSwift */ = {
			isa = PBXGroup;
			children = (
				AF52E4F72032FDE8009426B1 /* AppDelegate.swift */,
				AF52E4FB2032FDE8009426B1 /* Main.storyboard */,
				AF52E52C203303FC009426B1 /* LoginViewController.swift */,
				AF52E52E20330D7A009426B1 /* MypageViewController.swift */,
				AF0DD8FD20340D9700646DE5 /* login_back.png */,
				AF52E5012032FDE8009426B1 /* Assets.xcassets */,
				AFF0239C20343FD700EB235D /* images */,
				AF52E5032032FDE8009426B1 /* LaunchScreen.storyboard */,
				AF52E5062032FDE8009426B1 /* Info.plist */,
				AF52E4FE2032FDE8009426B1 /* mysqlSwift.xcdatamodeld */,
			);
			path = mysqlSwift;
			sourceTree = "<group>";
		};
		AF52E50E2032FDE8009426B1 /* mysqlSwiftTests */ = {
			isa = PBXGroup;
			children = (
				AF52E50F2032FDE8009426B1 /* mysqlSwiftTests.swift */,
				AF52E5112032FDE8009426B1 /* Info.plist */,
			);
			path = mysqlSwiftTests;
			sourceTree = "<group>";
		};
		AF52E5192032FDE8009426B1 /* mysqlSwiftUITests */ = {
			isa = PBXGroup;
			children = (
				AF52E51A2032FDE8009426B1 /* mysqlSwiftUITests.swift */,
				AF52E51C2032FDE8009426B1 /* Info.plist */,
			);
			path = mysqlSwiftUITests;
			sourceTree = "<group>";
		};
		AFF0239C20343FD700EB235D /* images */ = {
			isa = PBXGroup;
			children = (
				AFF0239D20343FD700EB235D /* tabアンケート用紙のアイコン素材.png */,
				AFF0239E20343FD700EB235D /* tabハサミのフリーアイコン.png */,
				AF89BA622034538C00821738 /* a0001_014465.jpg */,
				AF89BA602034534700821738 /* ハリネズミ.jpeg */,
				AFF0239F20343FD700EB235D /* tab夜空のフリーアイコン.png */,
			);
			path = images;
			sourceTree = "<group>";
		};
/* End PBXGroup section */

/* Begin PBXNativeTarget section */
		AF52E4F32032FDE8009426B1 /* mysqlSwift */ = {
			isa = PBXNativeTarget;
			buildConfigurationList = AF52E51F2032FDE8009426B1 /* Build configuration list for PBXNativeTarget "mysqlSwift" */;
			buildPhases = (
				D4D441982A33D7B83D54CB93 /* [CP] Check Pods Manifest.lock */,
				AF52E4F02032FDE8009426B1 /* Sources */,
				AF52E4F12032FDE8009426B1 /* Frameworks */,
				AF52E4F22032FDE8009426B1 /* Resources */,
				16692B916204E651F0FBE1C6 /* [CP] Embed Pods Frameworks */,
				58CD223DAC8BA2E50390E42E /* [CP] Copy Pods Resources */,
			);
			buildRules = (
			);
			dependencies = (
			);
			name = mysqlSwift;
			productName = mysqlSwift;
			productReference = AF52E4F42032FDE8009426B1 /* mysqlSwift.app */;
			productType = "com.apple.product-type.application";
		};
		AF52E50A2032FDE8009426B1 /* mysqlSwiftTests */ = {
			isa = PBXNativeTarget;
			buildConfigurationList = AF52E5222032FDE8009426B1 /* Build configuration list for PBXNativeTarget "mysqlSwiftTests" */;
			buildPhases = (
				F6043A2B07095F173ED708C1 /* [CP] Check Pods Manifest.lock */,
				AF52E5072032FDE8009426B1 /* Sources */,
				AF52E5082032FDE8009426B1 /* Frameworks */,
				AF52E5092032FDE8009426B1 /* Resources */,
				570E474380086D8323631E43 /* [CP] Embed Pods Frameworks */,
				79F62DE0E04C306CBAC129AC /* [CP] Copy Pods Resources */,
			);
			buildRules = (
			);
			dependencies = (
				AF52E50D2032FDE8009426B1 /* PBXTargetDependency */,
			);
			name = mysqlSwiftTests;
			productName = mysqlSwiftTests;
			productReference = AF52E50B2032FDE8009426B1 /* mysqlSwiftTests.xctest */;
			productType = "com.apple.product-type.bundle.unit-test";
		};
		AF52E5152032FDE8009426B1 /* mysqlSwiftUITests */ = {
			isa = PBXNativeTarget;
			buildConfigurationList = AF52E5252032FDE8009426B1 /* Build configuration list for PBXNativeTarget "mysqlSwiftUITests" */;
			buildPhases = (
				96EF9610EE1D82CAB8DEC7B4 /* [CP] Check Pods Manifest.lock */,
				AF52E5122032FDE8009426B1 /* Sources */,
				AF52E5132032FDE8009426B1 /* Frameworks */,
				AF52E5142032FDE8009426B1 /* Resources */,
				3C872DD66AA1D979A95EAD5B /* [CP] Embed Pods Frameworks */,
				78B73B1BB913E7ACC6AB99E8 /* [CP] Copy Pods Resources */,
			);
			buildRules = (
			);
			dependencies = (
				AF52E5182032FDE8009426B1 /* PBXTargetDependency */,
			);
			name = mysqlSwiftUITests;
			productName = mysqlSwiftUITests;
			productReference = AF52E5162032FDE8009426B1 /* mysqlSwiftUITests.xctest */;
			productType = "com.apple.product-type.bundle.ui-testing";
		};
/* End PBXNativeTarget section */

/* Begin PBXProject section */
		AF52E4EC2032FDE8009426B1 /* Project object */ = {
			isa = PBXProject;
			attributes = {
				LastSwiftUpdateCheck = 0920;
				LastUpgradeCheck = 0920;
				ORGANIZATIONNAME = nishun0419;
				TargetAttributes = {
					AF52E4F32032FDE8009426B1 = {
						CreatedOnToolsVersion = 9.2;
						ProvisioningStyle = Automatic;
					};
					AF52E50A2032FDE8009426B1 = {
						CreatedOnToolsVersion = 9.2;
						ProvisioningStyle = Automatic;
						TestTargetID = AF52E4F32032FDE8009426B1;
					};
					AF52E5152032FDE8009426B1 = {
						CreatedOnToolsVersion = 9.2;
						ProvisioningStyle = Automatic;
						TestTargetID = AF52E4F32032FDE8009426B1;
					};
				};
			};
			buildConfigurationList = AF52E4EF2032FDE8009426B1 /* Build configuration list for PBXProject "mysqlSwift" */;
			compatibilityVersion = "Xcode 8.0";
			developmentRegion = en;
			hasScannedForEncodings = 0;
			knownRegions = (
				en,
				Base,
			);
			mainGroup = AF52E4EB2032FDE8009426B1;
			productRefGroup = AF52E4F52032FDE8009426B1 /* Products */;
			projectDirPath = "";
			projectRoot = "";
			targets = (
				AF52E4F32032FDE8009426B1 /* mysqlSwift */,
				AF52E50A2032FDE8009426B1 /* mysqlSwiftTests */,
				AF52E5152032FDE8009426B1 /* mysqlSwiftUITests */,
			);
		};
/* End PBXProject section */

/* Begin PBXResourcesBuildPhase section */
		AF52E4F22032FDE8009426B1 /* Resources */ = {
			isa = PBXResourcesBuildPhase;
			buildActionMask = 2147483647;
			files = (
				AFF023A120343FD700EB235D /* tabハサミのフリーアイコン.png in Resources */,
				AFF023A020343FD700EB235D /* tabアンケート用紙のアイコン素材.png in Resources */,
				AF52E5052032FDE8009426B1 /* LaunchScreen.storyboard in Resources */,
				AF89BA632034538C00821738 /* a0001_014465.jpg in Resources */,
				AF52E5022032FDE8009426B1 /* Assets.xcassets in Resources */,
				AF0DD8FE20340D9700646DE5 /* login_back.png in Resources */,
				AFF023A220343FD700EB235D /* tab夜空のフリーアイコン.png in Resources */,
				AF89BA612034534700821738 /* ハリネズミ.jpeg in Resources */,
				AF52E4FD2032FDE8009426B1 /* Main.storyboard in Resources */,
			);
			runOnlyForDeploymentPostprocessing = 0;
		};
		AF52E5092032FDE8009426B1 /* Resources */ = {
			isa = PBXResourcesBuildPhase;
			buildActionMask = 2147483647;
			files = (
			);
			runOnlyForDeploymentPostprocessing = 0;
		};
		AF52E5142032FDE8009426B1 /* Resources */ = {
			isa = PBXResourcesBuildPhase;
			buildActionMask = 2147483647;
			files = (
			);
			runOnlyForDeploymentPostprocessing = 0;
		};
/* End PBXResourcesBuildPhase section */

/* Begin PBXShellScriptBuildPhase section */
		16692B916204E651F0FBE1C6 /* [CP] Embed Pods Frameworks */ = {
			isa = PBXShellScriptBuildPhase;
			buildActionMask = 2147483647;
			files = (
			);
			inputPaths = (
				"${SRCROOT}/Pods/Target Support Files/Pods-mysqlSwift/Pods-mysqlSwift-frameworks.sh",
				"${BUILT_PRODUCTS_DIR}/RAMAnimatedTabBarController/RAMAnimatedTabBarController.framework",
			);
			name = "[CP] Embed Pods Frameworks";
			outputPaths = (
				"${TARGET_BUILD_DIR}/${FRAMEWORKS_FOLDER_PATH}/RAMAnimatedTabBarController.framework",
			);
			runOnlyForDeploymentPostprocessing = 0;
			shellPath = /bin/sh;
			shellScript = "\"${SRCROOT}/Pods/Target Support Files/Pods-mysqlSwift/Pods-mysqlSwift-frameworks.sh\"\n";
			showEnvVarsInLog = 0;
		};
		3C872DD66AA1D979A95EAD5B /* [CP] Embed Pods Frameworks */ = {
			isa = PBXShellScriptBuildPhase;
			buildActionMask = 2147483647;
			files = (
			);
			inputPaths = (
			);
			name = "[CP] Embed Pods Frameworks";
			outputPaths = (
			);
			runOnlyForDeploymentPostprocessing = 0;
			shellPath = /bin/sh;
			shellScript = "\"${SRCROOT}/Pods/Target Support Files/Pods-mysqlSwiftUITests/Pods-mysqlSwiftUITests-frameworks.sh\"\n";
			showEnvVarsInLog = 0;
		};
		570E474380086D8323631E43 /* [CP] Embed Pods Frameworks */ = {
			isa = PBXShellScriptBuildPhase;
			buildActionMask = 2147483647;
			files = (
			);
			inputPaths = (
			);
			name = "[CP] Embed Pods Frameworks";
			outputPaths = (
			);
			runOnlyForDeploymentPostprocessing = 0;
			shellPath = /bin/sh;
			shellScript = "\"${SRCROOT}/Pods/Target Support Files/Pods-mysqlSwiftTests/Pods-mysqlSwiftTests-frameworks.sh\"\n";
			showEnvVarsInLog = 0;
		};
		58CD223DAC8BA2E50390E42E /* [CP] Copy Pods Resources */ = {
			isa = PBXShellScriptBuildPhase;
			buildActionMask = 2147483647;
			files = (
			);
			inputPaths = (
			);
			name = "[CP] Copy Pods Resources";
			outputPaths = (
			);
			runOnlyForDeploymentPostprocessing = 0;
			shellPath = /bin/sh;
			shellScript = "\"${SRCROOT}/Pods/Target Support Files/Pods-mysqlSwift/Pods-mysqlSwift-resources.sh\"\n";
			showEnvVarsInLog = 0;
		};
		78B73B1BB913E7ACC6AB99E8 /* [CP] Copy Pods Resources */ = {
			isa = PBXShellScriptBuildPhase;
			buildActionMask = 2147483647;
			files = (
			);
			inputPaths = (
			);
			name = "[CP] Copy Pods Resources";
			outputPaths = (
			);
			runOnlyForDeploymentPostprocessing = 0;
			shellPath = /bin/sh;
			shellScript = "\"${SRCROOT}/Pods/Target Support Files/Pods-mysqlSwiftUITests/Pods-mysqlSwiftUITests-resources.sh\"\n";
			showEnvVarsInLog = 0;
		};
		79F62DE0E04C306CBAC129AC /* [CP] Copy Pods Resources */ = {
			isa = PBXShellScriptBuildPhase;
			buildActionMask = 2147483647;
			files = (
			);
			inputPaths = (
			);
			name = "[CP] Copy Pods Resources";
			outputPaths = (
			);
			runOnlyForDeploymentPostprocessing = 0;
			shellPath = /bin/sh;
			shellScript = "\"${SRCROOT}/Pods/Target Support Files/Pods-mysqlSwiftTests/Pods-mysqlSwiftTests-resources.sh\"\n";
			showEnvVarsInLog = 0;
		};
		96EF9610EE1D82CAB8DEC7B4 /* [CP] Check Pods Manifest.lock */ = {
			isa = PBXShellScriptBuildPhase;
			buildActionMask = 2147483647;
			files = (
			);
			inputPaths = (
				"${PODS_PODFILE_DIR_PATH}/Podfile.lock",
				"${PODS_ROOT}/Manifest.lock",
			);
			name = "[CP] Check Pods Manifest.lock";
			outputPaths = (
				"$(DERIVED_FILE_DIR)/Pods-mysqlSwiftUITests-checkManifestLockResult.txt",
			);
			runOnlyForDeploymentPostprocessing = 0;
			shellPath = /bin/sh;
			shellScript = "diff \"${PODS_PODFILE_DIR_PATH}/Podfile.lock\" \"${PODS_ROOT}/Manifest.lock\" > /dev/null\nif [ $? != 0 ] ; then\n    # print error to STDERR\n    echo \"error: The sandbox is not in sync with the Podfile.lock. Run 'pod install' or update your CocoaPods installation.\" >&2\n    exit 1\nfi\n# This output is used by Xcode 'outputs' to avoid re-running this script phase.\necho \"SUCCESS\" > \"${SCRIPT_OUTPUT_FILE_0}\"\n";
			showEnvVarsInLog = 0;
		};
		D4D441982A33D7B83D54CB93 /* [CP] Check Pods Manifest.lock */ = {
			isa = PBXShellScriptBuildPhase;
			buildActionMask = 2147483647;
			files = (
			);
			inputPaths = (
				"${PODS_PODFILE_DIR_PATH}/Podfile.lock",
				"${PODS_ROOT}/Manifest.lock",
			);
			name = "[CP] Check Pods Manifest.lock";
			outputPaths = (
				"$(DERIVED_FILE_DIR)/Pods-mysqlSwift-checkManifestLockResult.txt",
			);
			runOnlyForDeploymentPostprocessing = 0;
			shellPath = /bin/sh;
			shellScript = "diff \"${PODS_PODFILE_DIR_PATH}/Podfile.lock\" \"${PODS_ROOT}/Manifest.lock\" > /dev/null\nif [ $? != 0 ] ; then\n    # print error to STDERR\n    echo \"error: The sandbox is not in sync with the Podfile.lock. Run 'pod install' or update your CocoaPods installation.\" >&2\n    exit 1\nfi\n# This output is used by Xcode 'outputs' to avoid re-running this script phase.\necho \"SUCCESS\" > \"${SCRIPT_OUTPUT_FILE_0}\"\n";
			showEnvVarsInLog = 0;
		};
		F6043A2B07095F173ED708C1 /* [CP] Check Pods Manifest.lock */ = {
			isa = PBXShellScriptBuildPhase;
			buildActionMask = 2147483647;
			files = (
			);
			inputPaths = (
				"${PODS_PODFILE_DIR_PATH}/Podfile.lock",
				"${PODS_ROOT}/Manifest.lock",
			);
			name = "[CP] Check Pods Manifest.lock";
			outputPaths = (
				"$(DERIVED_FILE_DIR)/Pods-mysqlSwiftTests-checkManifestLockResult.txt",
			);
			runOnlyForDeploymentPostprocessing = 0;
			shellPath = /bin/sh;
			shellScript = "diff \"${PODS_PODFILE_DIR_PATH}/Podfile.lock\" \"${PODS_ROOT}/Manifest.lock\" > /dev/null\nif [ $? != 0 ] ; then\n    # print error to STDERR\n    echo \"error: The sandbox is not in sync with the Podfile.lock. Run 'pod install' or update your CocoaPods installation.\" >&2\n    exit 1\nfi\n# This output is used by Xcode 'outputs' to avoid re-running this script phase.\necho \"SUCCESS\" > \"${SCRIPT_OUTPUT_FILE_0}\"\n";
			showEnvVarsInLog = 0;
		};
/* End PBXShellScriptBuildPhase section */

/* Begin PBXSourcesBuildPhase section */
		AF52E4F02032FDE8009426B1 /* Sources */ = {
			isa = PBXSourcesBuildPhase;
			buildActionMask = 2147483647;
			files = (
				AF52E52D203303FC009426B1 /* LoginViewController.swift in Sources */,
				AF52E5002032FDE8009426B1 /* mysqlSwift.xcdatamodeld in Sources */,
				AF52E4F82032FDE8009426B1 /* AppDelegate.swift in Sources */,
				AF52E52F20330D7A009426B1 /* MypageViewController.swift in Sources */,
			);
			runOnlyForDeploymentPostprocessing = 0;
		};
		AF52E5072032FDE8009426B1 /* Sources */ = {
			isa = PBXSourcesBuildPhase;
			buildActionMask = 2147483647;
			files = (
				AF52E5102032FDE8009426B1 /* mysqlSwiftTests.swift in Sources */,
			);
			runOnlyForDeploymentPostprocessing = 0;
		};
		AF52E5122032FDE8009426B1 /* Sources */ = {
			isa = PBXSourcesBuildPhase;
			buildActionMask = 2147483647;
			files = (
				AF52E51B2032FDE8009426B1 /* mysqlSwiftUITests.swift in Sources */,
			);
			runOnlyForDeploymentPostprocessing = 0;
		};
/* End PBXSourcesBuildPhase section */

/* Begin PBXTargetDependency section */
		AF52E50D2032FDE8009426B1 /* PBXTargetDependency */ = {
			isa = PBXTargetDependency;
			target = AF52E4F32032FDE8009426B1 /* mysqlSwift */;
			targetProxy = AF52E50C2032FDE8009426B1 /* PBXContainerItemProxy */;
		};
		AF52E5182032FDE8009426B1 /* PBXTargetDependency */ = {
			isa = PBXTargetDependency;
			target = AF52E4F32032FDE8009426B1 /* mysqlSwift */;
			targetProxy = AF52E5172032FDE8009426B1 /* PBXContainerItemProxy */;
		};
/* End PBXTargetDependency section */

/* Begin PBXVariantGroup section */
		AF52E4FB2032FDE8009426B1 /* Main.storyboard */ = {
			isa = PBXVariantGroup;
			children = (
				AF52E4FC2032FDE8009426B1 /* Base */,
			);
			name = Main.storyboard;
			sourceTree = "<group>";
		};
		AF52E5032032FDE8009426B1 /* LaunchScreen.storyboard */ = {
			isa = PBXVariantGroup;
			children = (
				AF52E5042032FDE8009426B1 /* Base */,
			);
			name = LaunchScreen.storyboard;
			sourceTree = "<group>";
		};
/* End PBXVariantGroup section */

/* Begin XCBuildConfiguration section */
		AF52E51D2032FDE8009426B1 /* Debug */ = {
			isa = XCBuildConfiguration;
			buildSettings = {
				ALWAYS_SEARCH_USER_PATHS = NO;
				CLANG_ANALYZER_NONNULL = YES;
				CLANG_ANALYZER_NUMBER_OBJECT_CONVERSION = YES_AGGRESSIVE;
				CLANG_CXX_LANGUAGE_STANDARD = "gnu++14";
				CLANG_CXX_LIBRARY = "libc++";
				CLANG_ENABLE_MODULES = YES;
				CLANG_ENABLE_OBJC_ARC = YES;
				CLANG_WARN_BLOCK_CAPTURE_AUTORELEASING = YES;
				CLANG_WARN_BOOL_CONVERSION = YES;
				CLANG_WARN_COMMA = YES;
				CLANG_WARN_CONSTANT_CONVERSION = YES;
				CLANG_WARN_DIRECT_OBJC_ISA_USAGE = YES_ERROR;
				CLANG_WARN_DOCUMENTATION_COMMENTS = YES;
				CLANG_WARN_EMPTY_BODY = YES;
				CLANG_WARN_ENUM_CONVERSION = YES;
				CLANG_WARN_INFINITE_RECURSION = YES;
				CLANG_WARN_INT_CONVERSION = YES;
				CLANG_WARN_NON_LITERAL_NULL_CONVERSION = YES;
				CLANG_WARN_OBJC_LITERAL_CONVERSION = YES;
				CLANG_WARN_OBJC_ROOT_CLASS = YES_ERROR;
				CLANG_WARN_RANGE_LOOP_ANALYSIS = YES;
				CLANG_WARN_STRICT_PROTOTYPES = YES;
				CLANG_WARN_SUSPICIOUS_MOVE = YES;
				CLANG_WARN_UNGUARDED_AVAILABILITY = YES_AGGRESSIVE;
				CLANG_WARN_UNREACHABLE_CODE = YES;
				CLANG_WARN__DUPLICATE_METHOD_MATCH = YES;
				CODE_SIGN_IDENTITY = "iPhone Developer";
				COPY_PHASE_STRIP = NO;
				DEBUG_INFORMATION_FORMAT = dwarf;
				ENABLE_STRICT_OBJC_MSGSEND = YES;
				ENABLE_TESTABILITY = YES;
				GCC_C_LANGUAGE_STANDARD = gnu11;
				GCC_DYNAMIC_NO_PIC = NO;
				GCC_NO_COMMON_BLOCKS = YES;
				GCC_OPTIMIZATION_LEVEL = 0;
				GCC_PREPROCESSOR_DEFINITIONS = (
					"DEBUG=1",
					"$(inherited)",
				);
				GCC_WARN_64_TO_32_BIT_CONVERSION = YES;
				GCC_WARN_ABOUT_RETURN_TYPE = YES_ERROR;
				GCC_WARN_UNDECLARED_SELECTOR = YES;
				GCC_WARN_UNINITIALIZED_AUTOS = YES_AGGRESSIVE;
				GCC_WARN_UNUSED_FUNCTION = YES;
				GCC_WARN_UNUSED_VARIABLE = YES;
				IPHONEOS_DEPLOYMENT_TARGET = 11.2;
				MTL_ENABLE_DEBUG_INFO = YES;
				ONLY_ACTIVE_ARCH = YES;
				SDKROOT = iphoneos;
				SWIFT_ACTIVE_COMPILATION_CONDITIONS = DEBUG;
				SWIFT_OPTIMIZATION_LEVEL = "-Onone";
			};
			name = Debug;
		};
		AF52E51E2032FDE8009426B1 /* Release */ = {
			isa = XCBuildConfiguration;
			buildSettings = {
				ALWAYS_SEARCH_USER_PATHS = NO;
				CLANG_ANALYZER_NONNULL = YES;
				CLANG_ANALYZER_NUMBER_OBJECT_CONVERSION = YES_AGGRESSIVE;
				CLANG_CXX_LANGUAGE_STANDARD = "gnu++14";
				CLANG_CXX_LIBRARY = "libc++";
				CLANG_ENABLE_MODULES = YES;
				CLANG_ENABLE_OBJC_ARC = YES;
				CLANG_WARN_BLOCK_CAPTURE_AUTORELEASING = YES;
				CLANG_WARN_BOOL_CONVERSION = YES;
				CLANG_WARN_COMMA = YES;
				CLANG_WARN_CONSTANT_CONVERSION = YES;
				CLANG_WARN_DIRECT_OBJC_ISA_USAGE = YES_ERROR;
				CLANG_WARN_DOCUMENTATION_COMMENTS = YES;
				CLANG_WARN_EMPTY_BODY = YES;
				CLANG_WARN_ENUM_CONVERSION = YES;
				CLANG_WARN_INFINITE_RECURSION = YES;
				CLANG_WARN_INT_CONVERSION = YES;
				CLANG_WARN_NON_LITERAL_NULL_CONVERSION = YES;
				CLANG_WARN_OBJC_LITERAL_CONVERSION = YES;
				CLANG_WARN_OBJC_ROOT_CLASS = YES_ERROR;
				CLANG_WARN_RANGE_LOOP_ANALYSIS = YES;
				CLANG_WARN_STRICT_PROTOTYPES = YES;
				CLANG_WARN_SUSPICIOUS_MOVE = YES;
				CLANG_WARN_UNGUARDED_AVAILABILITY = YES_AGGRESSIVE;
				CLANG_WARN_UNREACHABLE_CODE = YES;
				CLANG_WARN__DUPLICATE_METHOD_MATCH = YES;
				CODE_SIGN_IDENTITY = "iPhone Developer";
				COPY_PHASE_STRIP = NO;
				DEBUG_INFORMATION_FORMAT = "dwarf-with-dsym";
				ENABLE_NS_ASSERTIONS = NO;
				ENABLE_STRICT_OBJC_MSGSEND = YES;
				GCC_C_LANGUAGE_STANDARD = gnu11;
				GCC_NO_COMMON_BLOCKS = YES;
				GCC_WARN_64_TO_32_BIT_CONVERSION = YES;
				GCC_WARN_ABOUT_RETURN_TYPE = YES_ERROR;
				GCC_WARN_UNDECLARED_SELECTOR = YES;
				GCC_WARN_UNINITIALIZED_AUTOS = YES_AGGRESSIVE;
				GCC_WARN_UNUSED_FUNCTION = YES;
				GCC_WARN_UNUSED_VARIABLE = YES;
				IPHONEOS_DEPLOYMENT_TARGET = 11.2;
				MTL_ENABLE_DEBUG_INFO = NO;
				SDKROOT = iphoneos;
				SWIFT_OPTIMIZATION_LEVEL = "-Owholemodule";
				VALIDATE_PRODUCT = YES;
			};
			name = Release;
		};
		AF52E5202032FDE8009426B1 /* Debug */ = {
			isa = XCBuildConfiguration;
			baseConfigurationReference = F1CEA478DF65120187E2F2D0 /* Pods-mysqlSwift.debug.xcconfig */;
			buildSettings = {
				ASSETCATALOG_COMPILER_APPICON_NAME = AppIcon;
				CODE_SIGN_STYLE = Automatic;
				DEVELOPMENT_TEAM = RY7LJXGUGK;
				INFOPLIST_FILE = mysqlSwift/Info.plist;
				LD_RUNPATH_SEARCH_PATHS = "$(inherited) @executable_path/Frameworks";
				PRODUCT_BUNDLE_IDENTIFIER = jp.futasekun.mysqlSwift;
				PRODUCT_NAME = "$(TARGET_NAME)";
				SWIFT_VERSION = 4.0;
				TARGETED_DEVICE_FAMILY = "1,2";
			};
			name = Debug;
		};
		AF52E5212032FDE8009426B1 /* Release */ = {
			isa = XCBuildConfiguration;
			baseConfigurationReference = 8993B09F45D18DCB51C8B860 /* Pods-mysqlSwift.release.xcconfig */;
			buildSettings = {
				ASSETCATALOG_COMPILER_APPICON_NAME = AppIcon;
				CODE_SIGN_STYLE = Automatic;
				DEVELOPMENT_TEAM = RY7LJXGUGK;
				INFOPLIST_FILE = mysqlSwift/Info.plist;
				LD_RUNPATH_SEARCH_PATHS = "$(inherited) @executable_path/Frameworks";
				PRODUCT_BUNDLE_IDENTIFIER = jp.futasekun.mysqlSwift;
				PRODUCT_NAME = "$(TARGET_NAME)";
				SWIFT_VERSION = 4.0;
				TARGETED_DEVICE_FAMILY = "1,2";
			};
			name = Release;
		};
		AF52E5232032FDE8009426B1 /* Debug */ = {
			isa = XCBuildConfiguration;
			baseConfigurationReference = CABE0D031A01310D5B386A4A /* Pods-mysqlSwiftTests.debug.xcconfig */;
			buildSettings = {
				ALWAYS_EMBED_SWIFT_STANDARD_LIBRARIES = YES;
				BUNDLE_LOADER = "$(TEST_HOST)";
				CODE_SIGN_STYLE = Automatic;
				INFOPLIST_FILE = mysqlSwiftTests/Info.plist;
				LD_RUNPATH_SEARCH_PATHS = "$(inherited) @executable_path/Frameworks @loader_path/Frameworks";
				PRODUCT_BUNDLE_IDENTIFIER = jp.futasekun.mysqlSwiftTests;
				PRODUCT_NAME = "$(TARGET_NAME)";
				SWIFT_VERSION = 4.0;
				TARGETED_DEVICE_FAMILY = "1,2";
				TEST_HOST = "$(BUILT_PRODUCTS_DIR)/mysqlSwift.app/mysqlSwift";
			};
			name = Debug;
		};
		AF52E5242032FDE8009426B1 /* Release */ = {
			isa = XCBuildConfiguration;
			baseConfigurationReference = E7A9282B09F40CA13EBE8E40 /* Pods-mysqlSwiftTests.release.xcconfig */;
			buildSettings = {
				ALWAYS_EMBED_SWIFT_STANDARD_LIBRARIES = YES;
				BUNDLE_LOADER = "$(TEST_HOST)";
				CODE_SIGN_STYLE = Automatic;
				INFOPLIST_FILE = mysqlSwiftTests/Info.plist;
				LD_RUNPATH_SEARCH_PATHS = "$(inherited) @executable_path/Frameworks @loader_path/Frameworks";
				PRODUCT_BUNDLE_IDENTIFIER = jp.futasekun.mysqlSwiftTests;
				PRODUCT_NAME = "$(TARGET_NAME)";
				SWIFT_VERSION = 4.0;
				TARGETED_DEVICE_FAMILY = "1,2";
				TEST_HOST = "$(BUILT_PRODUCTS_DIR)/mysqlSwift.app/mysqlSwift";
			};
			name = Release;
		};
		AF52E5262032FDE8009426B1 /* Debug */ = {
			isa = XCBuildConfiguration;
			baseConfigurationReference = 7090A583358E34FCA1ADD330 /* Pods-mysqlSwiftUITests.debug.xcconfig */;
			buildSettings = {
				ALWAYS_EMBED_SWIFT_STANDARD_LIBRARIES = YES;
				CODE_SIGN_STYLE = Automatic;
				DEVELOPMENT_TEAM = RY7LJXGUGK;
				INFOPLIST_FILE = mysqlSwiftUITests/Info.plist;
				LD_RUNPATH_SEARCH_PATHS = "$(inherited) @executable_path/Frameworks @loader_path/Frameworks";
				PRODUCT_BUNDLE_IDENTIFIER = jp.futasekun.mysqlSwiftUITests;
				PRODUCT_NAME = "$(TARGET_NAME)";
				SWIFT_VERSION = 4.0;
				TARGETED_DEVICE_FAMILY = "1,2";
				TEST_TARGET_NAME = mysqlSwift;
			};
			name = Debug;
		};
		AF52E5272032FDE8009426B1 /* Release */ = {
			isa = XCBuildConfiguration;
			baseConfigurationReference = F892FCDCD40E86E6E5760934 /* Pods-mysqlSwiftUITests.release.xcconfig */;
			buildSettings = {
				ALWAYS_EMBED_SWIFT_STANDARD_LIBRARIES = YES;
				CODE_SIGN_STYLE = Automatic;
				DEVELOPMENT_TEAM = RY7LJXGUGK;
				INFOPLIST_FILE = mysqlSwiftUITests/Info.plist;
				LD_RUNPATH_SEARCH_PATHS = "$(inherited) @executable_path/Frameworks @loader_path/Frameworks";
				PRODUCT_BUNDLE_IDENTIFIER = jp.futasekun.mysqlSwiftUITests;
				PRODUCT_NAME = "$(TARGET_NAME)";
				SWIFT_VERSION = 4.0;
				TARGETED_DEVICE_FAMILY = "1,2";
				TEST_TARGET_NAME = mysqlSwift;
			};
			name = Release;
		};
/* End XCBuildConfiguration section */

/* Begin XCConfigurationList section */
		AF52E4EF2032FDE8009426B1 /* Build configuration list for PBXProject "mysqlSwift" */ = {
			isa = XCConfigurationList;
			buildConfigurations = (
				AF52E51D2032FDE8009426B1 /* Debug */,
				AF52E51E2032FDE8009426B1 /* Release */,
			);
			defaultConfigurationIsVisible = 0;
			defaultConfigurationName = Release;
		};
		AF52E51F2032FDE8009426B1 /* Build configuration list for PBXNativeTarget "mysqlSwift" */ = {
			isa = XCConfigurationList;
			buildConfigurations = (
				AF52E5202032FDE8009426B1 /* Debug */,
				AF52E5212032FDE8009426B1 /* Release */,
			);
			defaultConfigurationIsVisible = 0;
			defaultConfigurationName = Release;
		};
		AF52E5222032FDE8009426B1 /* Build configuration list for PBXNativeTarget "mysqlSwiftTests" */ = {
			isa = XCConfigurationList;
			buildConfigurations = (
				AF52E5232032FDE8009426B1 /* Debug */,
				AF52E5242032FDE8009426B1 /* Release */,
			);
			defaultConfigurationIsVisible = 0;
			defaultConfigurationName = Release;
		};
		AF52E5252032FDE8009426B1 /* Build configuration list for PBXNativeTarget "mysqlSwiftUITests" */ = {
			isa = XCConfigurationList;
			buildConfigurations = (
				AF52E5262032FDE8009426B1 /* Debug */,
				AF52E5272032FDE8009426B1 /* Release */,
			);
			defaultConfigurationIsVisible = 0;
			defaultConfigurationName = Release;
		};
/* End XCConfigurationList section */

/* Begin XCVersionGroup section */
		AF52E4FE2032FDE8009426B1 /* mysqlSwift.xcdatamodeld */ = {
			isa = XCVersionGroup;
			children = (
				AF52E4FF2032FDE8009426B1 /* mysqlSwift.xcdatamodel */,
			);
			currentVersion = AF52E4FF2032FDE8009426B1 /* mysqlSwift.xcdatamodel */;
			path = mysqlSwift.xcdatamodeld;
			sourceTree = "<group>";
			versionGroupType = wrapper.xcdatamodel;
		};
/* End XCVersionGroup section */
	};
	rootObject = AF52E4EC2032FDE8009426B1 /* Project object */;
}
